
Microsoft Visual Studio Solution File, Format Version 12.00
# Visual Studio 15
VisualStudioVersion = 15.0.28307.489
MinimumVisualStudioVersion = 10.0.40219.1
Project("{FAE04EC0-301F-11D3-BF4B-00C04F79EFBC}") = "MiniProject", "MiniProject\MiniProject.csproj", "{3AB6C5E3-9C70-4A7F-9340-D9E74D8734B5}"
EndProject
Global
	GlobalSection(SolutionConfigurationPlatforms) = preSolution
		Debug|Any CPU = Debug|Any CPU
		Release|Any CPU = Release|Any CPU
	EndGlobalSection
	GlobalSection(ProjectConfigurationPlatforms) = postSolution
		{3AB6C5E3-9C70-4A7F-9340-D9E74D8734B5}.Debug|Any CPU.ActiveCfg = Debug|Any CPU
		{3AB6C5E3-9C70-4A7F-9340-D9E74D8734B5}.Debug|Any CPU.Build.0 = Debug|Any CPU
		{3AB6C5E3-9C70-4A7F-9340-D9E74D8734B5}.Release|Any CPU.ActiveCfg = Release|Any CPU
		{3AB6C5E3-9C70-4A7F-9340-D9E74D8734B5}.Release|Any CPU.Build.0 = Release|Any CPU
	EndGlobalSection
	GlobalSection(SolutionProperties) = preSolution
		HideSolutionNode = FALSE
	EndGlobalSection
	GlobalSection(ExtensibilityGlobals) = postSolution
		SolutionGuid = {ED88FAAF-570F-4022-BF77-A1CC92EFEA1C}
	EndGlobalSection
EndGlobal
